
Microsoft Visual Studio Solution File, Format Version 12.00
# Visual Studio 14
VisualStudioVersion = 14.0.25420.1
MinimumVisualStudioVersion = 10.0.40219.1
Project("{FAE04EC0-301F-11D3-BF4B-00C04F79EFBC}") = "c-sharp-redis", "c-sharp-redis\c-sharp-redis.csproj", "{50779BBD-EE94-4A9B-A0D5-A97B060FCC1F}"
EndProject
Project("{FAE04EC0-301F-11D3-BF4B-00C04F79EFBC}") = "c-sharp-CRC-ITU", "c-sharp-CRC-ITU\c-sharp-CRC-ITU.csproj", "{1A885EE7-14D5-4D9A-85DA-683B8F7AA74F}"
EndProject
Project("{FAE04EC0-301F-11D3-BF4B-00C04F79EFBC}") = "c-sharp-win-service-with-multi-thread", "c-sharp-win-service-with-multi-thread\c-sharp-win-service-with-multi-thread.csproj", "{AB506CB6-70B4-4C88-BB27-D001A05B48B8}"
EndProject
Project("{FAE04EC0-301F-11D3-BF4B-00C04F79EFBC}") = "c-sharp-socket-client", "c-sharp-socket-client\c-sharp-socket-client.csproj", "{E896AF03-9A83-4FC2-8B89-DA2B8A6FF0DE}"
EndProject
Project("{FAE04EC0-301F-11D3-BF4B-00C04F79EFBC}") = "c-sharp-socket-server-with-queue", "c-sharp-socket-server-with-queue\c-sharp-socket-server-with-queue.csproj", "{0E31FABA-65B8-4C9F-B8FF-D0F755C7F5EE}"
EndProject
Global
	GlobalSection(SolutionConfigurationPlatforms) = preSolution
		Debug|Any CPU = Debug|Any CPU
		Release|Any CPU = Release|Any CPU
	EndGlobalSection
	GlobalSection(ProjectConfigurationPlatforms) = postSolution
		{50779BBD-EE94-4A9B-A0D5-A97B060FCC1F}.Debug|Any CPU.ActiveCfg = Debug|Any CPU
		{50779BBD-EE94-4A9B-A0D5-A97B060FCC1F}.Debug|Any CPU.Build.0 = Debug|Any CPU
		{50779BBD-EE94-4A9B-A0D5-A97B060FCC1F}.Release|Any CPU.ActiveCfg = Release|Any CPU
		{50779BBD-EE94-4A9B-A0D5-A97B060FCC1F}.Release|Any CPU.Build.0 = Release|Any CPU
		{1A885EE7-14D5-4D9A-85DA-683B8F7AA74F}.Debug|Any CPU.ActiveCfg = Debug|Any CPU
		{1A885EE7-14D5-4D9A-85DA-683B8F7AA74F}.Debug|Any CPU.Build.0 = Debug|Any CPU
		{1A885EE7-14D5-4D9A-85DA-683B8F7AA74F}.Release|Any CPU.ActiveCfg = Release|Any CPU
		{1A885EE7-14D5-4D9A-85DA-683B8F7AA74F}.Release|Any CPU.Build.0 = Release|Any CPU
		{AB506CB6-70B4-4C88-BB27-D001A05B48B8}.Debug|Any CPU.ActiveCfg = Debug|Any CPU
		{AB506CB6-70B4-4C88-BB27-D001A05B48B8}.Debug|Any CPU.Build.0 = Debug|Any CPU
		{AB506CB6-70B4-4C88-BB27-D001A05B48B8}.Release|Any CPU.ActiveCfg = Release|Any CPU
		{AB506CB6-70B4-4C88-BB27-D001A05B48B8}.Release|Any CPU.Build.0 = Release|Any CPU
		{E896AF03-9A83-4FC2-8B89-DA2B8A6FF0DE}.Debug|Any CPU.ActiveCfg = Debug|Any CPU
		{E896AF03-9A83-4FC2-8B89-DA2B8A6FF0DE}.Debug|Any CPU.Build.0 = Debug|Any CPU
		{E896AF03-9A83-4FC2-8B89-DA2B8A6FF0DE}.Release|Any CPU.ActiveCfg = Release|Any CPU
		{E896AF03-9A83-4FC2-8B89-DA2B8A6FF0DE}.Release|Any CPU.Build.0 = Release|Any CPU
		{0E31FABA-65B8-4C9F-B8FF-D0F755C7F5EE}.Debug|Any CPU.ActiveCfg = Debug|Any CPU
		{0E31FABA-65B8-4C9F-B8FF-D0F755C7F5EE}.Debug|Any CPU.Build.0 = Debug|Any CPU
		{0E31FABA-65B8-4C9F-B8FF-D0F755C7F5EE}.Release|Any CPU.ActiveCfg = Release|Any CPU
		{0E31FABA-65B8-4C9F-B8FF-D0F755C7F5EE}.Release|Any CPU.Build.0 = Release|Any CPU
	EndGlobalSection
	GlobalSection(SolutionProperties) = preSolution
		HideSolutionNode = FALSE
	EndGlobalSection
EndGlobal
